{
  "name": "@alextheartisan/jest-config",
  "version": "0.0.1",
  "lockfileVersion": 1,
  "requires": true,
  "dependencies": {
    "@alextheartisan/prettier-config": {
      "version": "2.0.0",
      "resolved": "https://registry.npmjs.org/@alextheartisan/prettier-config/-/prettier-config-2.0.0.tgz",
      "integrity": "sha512-7zUYTz161MI93b8ru6z0NKEjexgHS7xuU9Piv/kFuwub1RujSwgKY5O34cgdiRPD8B+wbpsuB4AlqHqXKP+RHw==",
      "dev": true
    }
  }
}
